
Microsoft Visual Studio Solution File, Format Version 12.00
# Visual Studio 14
VisualStudioVersion = 14.0.24720.0
MinimumVisualStudioVersion = 10.0.40219.1
Project("{FAE04EC0-301F-11D3-BF4B-00C04F79EFBC}") = "EasyBlock.Win32Service", "EasyBlock.Win32Service\EasyBlock.Win32Service.csproj", "{CE4DDCC2-B3E7-42F3-A087-B8CFE81EC09A}"
EndProject
Project("{FAE04EC0-301F-11D3-BF4B-00C04F79EFBC}") = "EasyBlock.Core", "EasyBlock.Core\EasyBlock.Core.csproj", "{555A5EB3-5A71-421D-B9A5-780EB2E255A3}"
EndProject
Project("{FAE04EC0-301F-11D3-BF4B-00C04F79EFBC}") = "EasyBlock.Core.Tests", "EasyBlock.Core.Tests\EasyBlock.Core.Tests.csproj", "{0F1A8BD5-DA45-484F-BC61-4EF5D28BB4DD}"
EndProject
Project("{FAE04EC0-301F-11D3-BF4B-00C04F79EFBC}") = "EasyBlock.Win32Service.Tests", "EasyBlock.Win32Service.Tests\EasyBlock.Win32Service.Tests.csproj", "{0083D70E-4558-4F95-8E1A-07AA5B4CF38C}"
EndProject
Global
	GlobalSection(SolutionConfigurationPlatforms) = preSolution
		Debug|Any CPU = Debug|Any CPU
		Debug|ARM = Debug|ARM
		Debug|x64 = Debug|x64
		Debug|x86 = Debug|x86
		Release|Any CPU = Release|Any CPU
		Release|ARM = Release|ARM
		Release|x64 = Release|x64
		Release|x86 = Release|x86
	EndGlobalSection
	GlobalSection(ProjectConfigurationPlatforms) = postSolution
		{CE4DDCC2-B3E7-42F3-A087-B8CFE81EC09A}.Debug|Any CPU.ActiveCfg = Debug|Any CPU
		{CE4DDCC2-B3E7-42F3-A087-B8CFE81EC09A}.Debug|Any CPU.Build.0 = Debug|Any CPU
		{CE4DDCC2-B3E7-42F3-A087-B8CFE81EC09A}.Debug|ARM.ActiveCfg = Debug|Any CPU
		{CE4DDCC2-B3E7-42F3-A087-B8CFE81EC09A}.Debug|ARM.Build.0 = Debug|Any CPU
		{CE4DDCC2-B3E7-42F3-A087-B8CFE81EC09A}.Debug|x64.ActiveCfg = Debug|Any CPU
		{CE4DDCC2-B3E7-42F3-A087-B8CFE81EC09A}.Debug|x64.Build.0 = Debug|Any CPU
		{CE4DDCC2-B3E7-42F3-A087-B8CFE81EC09A}.Debug|x86.ActiveCfg = Debug|Any CPU
		{CE4DDCC2-B3E7-42F3-A087-B8CFE81EC09A}.Debug|x86.Build.0 = Debug|Any CPU
		{CE4DDCC2-B3E7-42F3-A087-B8CFE81EC09A}.Release|Any CPU.ActiveCfg = Release|Any CPU
		{CE4DDCC2-B3E7-42F3-A087-B8CFE81EC09A}.Release|Any CPU.Build.0 = Release|Any CPU
		{CE4DDCC2-B3E7-42F3-A087-B8CFE81EC09A}.Release|ARM.ActiveCfg = Release|Any CPU
		{CE4DDCC2-B3E7-42F3-A087-B8CFE81EC09A}.Release|ARM.Build.0 = Release|Any CPU
		{CE4DDCC2-B3E7-42F3-A087-B8CFE81EC09A}.Release|x64.ActiveCfg = Release|Any CPU
		{CE4DDCC2-B3E7-42F3-A087-B8CFE81EC09A}.Release|x64.Build.0 = Release|Any CPU
		{CE4DDCC2-B3E7-42F3-A087-B8CFE81EC09A}.Release|x86.ActiveCfg = Release|Any CPU
		{CE4DDCC2-B3E7-42F3-A087-B8CFE81EC09A}.Release|x86.Build.0 = Release|Any CPU
		{555A5EB3-5A71-421D-B9A5-780EB2E255A3}.Debug|Any CPU.ActiveCfg = Debug|Any CPU
		{555A5EB3-5A71-421D-B9A5-780EB2E255A3}.Debug|Any CPU.Build.0 = Debug|Any CPU
		{555A5EB3-5A71-421D-B9A5-780EB2E255A3}.Debug|ARM.ActiveCfg = Debug|Any CPU
		{555A5EB3-5A71-421D-B9A5-780EB2E255A3}.Debug|ARM.Build.0 = Debug|Any CPU
		{555A5EB3-5A71-421D-B9A5-780EB2E255A3}.Debug|x64.ActiveCfg = Debug|Any CPU
		{555A5EB3-5A71-421D-B9A5-780EB2E255A3}.Debug|x64.Build.0 = Debug|Any CPU
		{555A5EB3-5A71-421D-B9A5-780EB2E255A3}.Debug|x86.ActiveCfg = Debug|Any CPU
		{555A5EB3-5A71-421D-B9A5-780EB2E255A3}.Debug|x86.Build.0 = Debug|Any CPU
		{555A5EB3-5A71-421D-B9A5-780EB2E255A3}.Release|Any CPU.ActiveCfg = Release|Any CPU
		{555A5EB3-5A71-421D-B9A5-780EB2E255A3}.Release|Any CPU.Build.0 = Release|Any CPU
		{555A5EB3-5A71-421D-B9A5-780EB2E255A3}.Release|ARM.ActiveCfg = Release|Any CPU
		{555A5EB3-5A71-421D-B9A5-780EB2E255A3}.Release|ARM.Build.0 = Release|Any CPU
		{555A5EB3-5A71-421D-B9A5-780EB2E255A3}.Release|x64.ActiveCfg = Release|Any CPU
		{555A5EB3-5A71-421D-B9A5-780EB2E255A3}.Release|x64.Build.0 = Release|Any CPU
		{555A5EB3-5A71-421D-B9A5-780EB2E255A3}.Release|x86.ActiveCfg = Release|Any CPU
		{555A5EB3-5A71-421D-B9A5-780EB2E255A3}.Release|x86.Build.0 = Release|Any CPU
		{0F1A8BD5-DA45-484F-BC61-4EF5D28BB4DD}.Debug|Any CPU.ActiveCfg = Debug|Any CPU
		{0F1A8BD5-DA45-484F-BC61-4EF5D28BB4DD}.Debug|Any CPU.Build.0 = Debug|Any CPU
		{0F1A8BD5-DA45-484F-BC61-4EF5D28BB4DD}.Debug|ARM.ActiveCfg = Debug|Any CPU
		{0F1A8BD5-DA45-484F-BC61-4EF5D28BB4DD}.Debug|ARM.Build.0 = Debug|Any CPU
		{0F1A8BD5-DA45-484F-BC61-4EF5D28BB4DD}.Debug|x64.ActiveCfg = Debug|Any CPU
		{0F1A8BD5-DA45-484F-BC61-4EF5D28BB4DD}.Debug|x64.Build.0 = Debug|Any CPU
		{0F1A8BD5-DA45-484F-BC61-4EF5D28BB4DD}.Debug|x86.ActiveCfg = Debug|Any CPU
		{0F1A8BD5-DA45-484F-BC61-4EF5D28BB4DD}.Debug|x86.Build.0 = Debug|Any CPU
		{0F1A8BD5-DA45-484F-BC61-4EF5D28BB4DD}.Release|Any CPU.ActiveCfg = Release|Any CPU
		{0F1A8BD5-DA45-484F-BC61-4EF5D28BB4DD}.Release|Any CPU.Build.0 = Release|Any CPU
		{0F1A8BD5-DA45-484F-BC61-4EF5D28BB4DD}.Release|ARM.ActiveCfg = Release|Any CPU
		{0F1A8BD5-DA45-484F-BC61-4EF5D28BB4DD}.Release|ARM.Build.0 = Release|Any CPU
		{0F1A8BD5-DA45-484F-BC61-4EF5D28BB4DD}.Release|x64.ActiveCfg = Release|Any CPU
		{0F1A8BD5-DA45-484F-BC61-4EF5D28BB4DD}.Release|x64.Build.0 = Release|Any CPU
		{0F1A8BD5-DA45-484F-BC61-4EF5D28BB4DD}.Release|x86.ActiveCfg = Release|Any CPU
		{0F1A8BD5-DA45-484F-BC61-4EF5D28BB4DD}.Release|x86.Build.0 = Release|Any CPU
		{0083D70E-4558-4F95-8E1A-07AA5B4CF38C}.Debug|Any CPU.ActiveCfg = Debug|Any CPU
		{0083D70E-4558-4F95-8E1A-07AA5B4CF38C}.Debug|Any CPU.Build.0 = Debug|Any CPU
		{0083D70E-4558-4F95-8E1A-07AA5B4CF38C}.Debug|ARM.ActiveCfg = Debug|Any CPU
		{0083D70E-4558-4F95-8E1A-07AA5B4CF38C}.Debug|ARM.Build.0 = Debug|Any CPU
		{0083D70E-4558-4F95-8E1A-07AA5B4CF38C}.Debug|x64.ActiveCfg = Debug|Any CPU
		{0083D70E-4558-4F95-8E1A-07AA5B4CF38C}.Debug|x64.Build.0 = Debug|Any CPU
		{0083D70E-4558-4F95-8E1A-07AA5B4CF38C}.Debug|x86.ActiveCfg = Debug|Any CPU
		{0083D70E-4558-4F95-8E1A-07AA5B4CF38C}.Debug|x86.Build.0 = Debug|Any CPU
		{0083D70E-4558-4F95-8E1A-07AA5B4CF38C}.Release|Any CPU.ActiveCfg = Release|Any CPU
		{0083D70E-4558-4F95-8E1A-07AA5B4CF38C}.Release|Any CPU.Build.0 = Release|Any CPU
		{0083D70E-4558-4F95-8E1A-07AA5B4CF38C}.Release|ARM.ActiveCfg = Release|Any CPU
		{0083D70E-4558-4F95-8E1A-07AA5B4CF38C}.Release|ARM.Build.0 = Release|Any CPU
		{0083D70E-4558-4F95-8E1A-07AA5B4CF38C}.Release|x64.ActiveCfg = Release|Any CPU
		{0083D70E-4558-4F95-8E1A-07AA5B4CF38C}.Release|x64.Build.0 = Release|Any CPU
		{0083D70E-4558-4F95-8E1A-07AA5B4CF38C}.Release|x86.ActiveCfg = Release|Any CPU
		{0083D70E-4558-4F95-8E1A-07AA5B4CF38C}.Release|x86.Build.0 = Release|Any CPU
	EndGlobalSection
	GlobalSection(SolutionProperties) = preSolution
		HideSolutionNode = FALSE
	EndGlobalSection
EndGlobal
